
Microsoft Visual Studio Solution File, Format Version 12.00
# Visual Studio Version 17
VisualStudioVersion = 17.7.34018.315
MinimumVisualStudioVersion = 10.0.40219.1
Project("{FAE04EC0-301F-11D3-BF4B-00C04F79EFBC}") = "AdventOfCode2023", "AdventOfCode2023\AdventOfCode2023.csproj", "{B5DCCD49-D1EC-402C-B7B7-497810E0BE61}"
EndProject
Global
	GlobalSection(SolutionConfigurationPlatforms) = preSolution
		Debug|Any CPU = Debug|Any CPU
		Release|Any CPU = Release|Any CPU
	EndGlobalSection
	GlobalSection(ProjectConfigurationPlatforms) = postSolution
		{B5DCCD49-D1EC-402C-B7B7-497810E0BE61}.Debug|Any CPU.ActiveCfg = Debug|Any CPU
		{B5DCCD49-D1EC-402C-B7B7-497810E0BE61}.Debug|Any CPU.Build.0 = Debug|Any CPU
		{B5DCCD49-D1EC-402C-B7B7-497810E0BE61}.Release|Any CPU.ActiveCfg = Release|Any CPU
		{B5DCCD49-D1EC-402C-B7B7-497810E0BE61}.Release|Any CPU.Build.0 = Release|Any CPU
	EndGlobalSection
	GlobalSection(SolutionProperties) = preSolution
		HideSolutionNode = FALSE
	EndGlobalSection
	GlobalSection(ExtensibilityGlobals) = postSolution
		SolutionGuid = {7BFCBDE2-20CF-4BFF-BFC7-006B6E012CD2}
	EndGlobalSection
EndGlobal
